
Microsoft Visual Studio Solution File, Format Version 12.00
# Visual Studio Version 16
VisualStudioVersion = 16.0.33027.164
MinimumVisualStudioVersion = 10.0.40219.1
Project("{9A19103F-16F7-4668-BE54-9A1E7A4F7556}") = "EFCurso.WebAPI", "EFCurso.WebAPI.csproj", "{2E238CD9-CF0B-4286-92AB-5D0827F4ED34}"
EndProject
Project("{FAE04EC0-301F-11D3-BF4B-00C04F79EFBC}") = "EFCore.Domain", "..\EFCore.Domain\EFCore.Domain.csproj", "{EF35807C-8F8D-426E-A812-25CE51F95C8B}"
EndProject
Project("{FAE04EC0-301F-11D3-BF4B-00C04F79EFBC}") = "EFCore.Repository", "..\EFCore.Repository\EFCore.Repository.csproj", "{40008122-F07C-4168-8201-D57D2B37C83E}"
EndProject
Global
	GlobalSection(SolutionConfigurationPlatforms) = preSolution
		Debug|Any CPU = Debug|Any CPU
		Release|Any CPU = Release|Any CPU
	EndGlobalSection
	GlobalSection(ProjectConfigurationPlatforms) = postSolution
		{2E238CD9-CF0B-4286-92AB-5D0827F4ED34}.Debug|Any CPU.ActiveCfg = Debug|Any CPU
		{2E238CD9-CF0B-4286-92AB-5D0827F4ED34}.Debug|Any CPU.Build.0 = Debug|Any CPU
		{2E238CD9-CF0B-4286-92AB-5D0827F4ED34}.Release|Any CPU.ActiveCfg = Release|Any CPU
		{2E238CD9-CF0B-4286-92AB-5D0827F4ED34}.Release|Any CPU.Build.0 = Release|Any CPU
		{EF35807C-8F8D-426E-A812-25CE51F95C8B}.Debug|Any CPU.ActiveCfg = Debug|Any CPU
		{EF35807C-8F8D-426E-A812-25CE51F95C8B}.Debug|Any CPU.Build.0 = Debug|Any CPU
		{EF35807C-8F8D-426E-A812-25CE51F95C8B}.Release|Any CPU.ActiveCfg = Release|Any CPU
		{EF35807C-8F8D-426E-A812-25CE51F95C8B}.Release|Any CPU.Build.0 = Release|Any CPU
		{40008122-F07C-4168-8201-D57D2B37C83E}.Debug|Any CPU.ActiveCfg = Debug|Any CPU
		{40008122-F07C-4168-8201-D57D2B37C83E}.Debug|Any CPU.Build.0 = Debug|Any CPU
		{40008122-F07C-4168-8201-D57D2B37C83E}.Release|Any CPU.ActiveCfg = Release|Any CPU
		{40008122-F07C-4168-8201-D57D2B37C83E}.Release|Any CPU.Build.0 = Release|Any CPU
	EndGlobalSection
	GlobalSection(SolutionProperties) = preSolution
		HideSolutionNode = FALSE
	EndGlobalSection
	GlobalSection(ExtensibilityGlobals) = postSolution
		SolutionGuid = {93481C82-74DC-4962-91CE-037F56DD3E08}
	EndGlobalSection
EndGlobal
