
Microsoft Visual Studio Solution File, Format Version 12.00
# Visual Studio Version 16
VisualStudioVersion = 16.0.33027.164
MinimumVisualStudioVersion = 10.0.40219.1
Project("{FAE04EC0-301F-11D3-BF4B-00C04F79EFBC}") = "EFCurso.WebAPI", "EFCurso.WebAPI.csproj", "{2E238CD9-CF0B-4286-92AB-5D0827F4ED34}"
EndProject
Global
	GlobalSection(SolutionConfigurationPlatforms) = preSolution
		Debug|Any CPU = Debug|Any CPU
		Release|Any CPU = Release|Any CPU
	EndGlobalSection
	GlobalSection(ProjectConfigurationPlatforms) = postSolution
		{2E238CD9-CF0B-4286-92AB-5D0827F4ED34}.Debug|Any CPU.ActiveCfg = Debug|Any CPU
		{2E238CD9-CF0B-4286-92AB-5D0827F4ED34}.Debug|Any CPU.Build.0 = Debug|Any CPU
		{2E238CD9-CF0B-4286-92AB-5D0827F4ED34}.Release|Any CPU.ActiveCfg = Release|Any CPU
		{2E238CD9-CF0B-4286-92AB-5D0827F4ED34}.Release|Any CPU.Build.0 = Release|Any CPU
	EndGlobalSection
	GlobalSection(SolutionProperties) = preSolution
		HideSolutionNode = FALSE
	EndGlobalSection
	GlobalSection(ExtensibilityGlobals) = postSolution
		SolutionGuid = {93481C82-74DC-4962-91CE-037F56DD3E08}
	EndGlobalSection
EndGlobal
